SITE
  remote: http://community.opscode.com/api/v1
  specs:
    apt (2.7.0)
    build-essential (2.2.3)
    chef_handler (1.1.9)
    dmg (2.2.2)
    git (4.2.2)
      build-essential (>= 0.0.0)
      dmg (>= 0.0.0)
      windows (>= 0.0.0)
      yum-epel (>= 0.0.0)
    packagecloud (0.0.18)
    python (1.4.6)
      build-essential (>= 0.0.0)
      yum-epel (>= 0.0.0)
    runit (1.6.0)
      packagecloud (>= 0.0.0)
    windows (1.37.0)
      chef_handler (>= 0.0.0)
    yum (3.6.1)
    yum-epel (0.6.0)
      yum (~> 3.0)

GIT
  remote: https://github.com/ctrabold/chef-redis
  ref: master
  sha: e3a89f34d0f5b81867ae9e07a9404ac89e1ff61c
  specs:
    redis (0.0.4)

GIT
  remote: https://github.com/edelight/chef-mongodb
  ref: 0.16.0
  sha: ff69248e5b1453f6d3958d88b11bf9b0744525c8
  specs:
    mongodb (0.16.0)
      apt (>= 1.8.2)
      python (>= 0.0.0)
      runit (>= 1.5.0)
      yum (>= 3.0)

GIT
  remote: https://github.com/fnichol/chef-rvm
  ref: v0.9.0
  sha: 4a408e5d6c5a52c37388a799c516430263339849
  specs:
    rvm (0.9.0)

DEPENDENCIES
  apt (>= 0)
  build-essential (>= 0)
  git (>= 0)
  mongodb (>= 0)
  redis (>= 0)
  rvm (>= 0)

