SITE
  remote: http://community.opscode.com/api/v1
  specs:
    7-zip (1.0.2)
      windows (>= 1.2.2)
    apt (2.9.2)
    ark (0.9.0)
      7-zip (>= 0.0.0)
      windows (>= 0.0.0)
    build-essential (2.2.4)
    chef_handler (1.2.0)
    homebrew (1.13.0)
      build-essential (>= 2.1.2)
    mongodb (0.16.2)
      apt (>= 1.8.2)
      python (>= 0.0.0)
      runit (>= 1.5.0)
      yum (>= 3.0)
    nodejs (2.4.2)
      apt (>= 0.0.0)
      ark (>= 0.0.0)
      build-essential (>= 0.0.0)
      homebrew (>= 0.0.0)
      yum-epel (>= 0.0.0)
    packagecloud (0.1.0)
    python (1.4.6)
      build-essential (>= 0.0.0)
      yum-epel (>= 0.0.0)
    ruby_build (0.8.0)
    runit (1.7.4)
      packagecloud (>= 0.0.0)
    windows (1.38.3)
      chef_handler (>= 0.0.0)
    yum (3.8.2)
    yum-epel (0.6.4)
      yum (~> 3.2)

GIT
  remote: https://github.com/aminin/chef-rbenv
  ref: master
  sha: 9c8688dbffb79269385581b6aa518c5ba456f154
  specs:
    rbenv (0.7.3)

DEPENDENCIES
  apt (>= 0)
  build-essential (>= 0)
  mongodb (>= 0)
  nodejs (>= 0)
  rbenv (>= 0)
  ruby_build (>= 0)

